
Microsoft Visual Studio Solution File, Format Version 12.00
# Visual Studio Version 17
VisualStudioVersion = 17.3.32819.101
MinimumVisualStudioVersion = 10.0.40219.1
Project("{FAE04EC0-301F-11D3-BF4B-00C04F79EFBC}") = "QuestionMaker", "QuestionMaker\QuestionMaker.csproj", "{3DD84323-4889-4694-AFB8-0E801BDB9623}"
EndProject
Global
	GlobalSection(SolutionConfigurationPlatforms) = preSolution
		Debug|Any CPU = Debug|Any CPU
		Release|Any CPU = Release|Any CPU
	EndGlobalSection
	GlobalSection(ProjectConfigurationPlatforms) = postSolution
		{3DD84323-4889-4694-AFB8-0E801BDB9623}.Debug|Any CPU.ActiveCfg = Debug|Any CPU
		{3DD84323-4889-4694-AFB8-0E801BDB9623}.Debug|Any CPU.Build.0 = Debug|Any CPU
		{3DD84323-4889-4694-AFB8-0E801BDB9623}.Release|Any CPU.ActiveCfg = Release|Any CPU
		{3DD84323-4889-4694-AFB8-0E801BDB9623}.Release|Any CPU.Build.0 = Release|Any CPU
	EndGlobalSection
	GlobalSection(SolutionProperties) = preSolution
		HideSolutionNode = FALSE
	EndGlobalSection
	GlobalSection(ExtensibilityGlobals) = postSolution
		SolutionGuid = {ABFB5503-3A27-4688-BDF8-E57A5155DDB1}
	EndGlobalSection
EndGlobal
