
Microsoft Visual Studio Solution File, Format Version 12.00
# Visual Studio Version 16
VisualStudioVersion = 16.0.32126.315
MinimumVisualStudioVersion = 10.0.40219.1
Project("{FAE04EC0-301F-11D3-BF4B-00C04F79EFBC}") = "TickTack", "TickTack\TickTack.csproj", "{BB166A8E-4EAC-445E-A2A0-8FFB42D37AF1}"
EndProject
Global
	GlobalSection(SolutionConfigurationPlatforms) = preSolution
		Debug|Any CPU = Debug|Any CPU
		Release|Any CPU = Release|Any CPU
	EndGlobalSection
	GlobalSection(ProjectConfigurationPlatforms) = postSolution
		{BB166A8E-4EAC-445E-A2A0-8FFB42D37AF1}.Debug|Any CPU.ActiveCfg = Debug|Any CPU
		{BB166A8E-4EAC-445E-A2A0-8FFB42D37AF1}.Debug|Any CPU.Build.0 = Debug|Any CPU
		{BB166A8E-4EAC-445E-A2A0-8FFB42D37AF1}.Release|Any CPU.ActiveCfg = Release|Any CPU
		{BB166A8E-4EAC-445E-A2A0-8FFB42D37AF1}.Release|Any CPU.Build.0 = Release|Any CPU
	EndGlobalSection
	GlobalSection(SolutionProperties) = preSolution
		HideSolutionNode = FALSE
	EndGlobalSection
	GlobalSection(ExtensibilityGlobals) = postSolution
		SolutionGuid = {4CE07B8F-C9AC-4661-ABC0-D98242336DC1}
	EndGlobalSection
EndGlobal
